
Microsoft Visual Studio Solution File, Format Version 12.00
# Visual Studio Version 17
VisualStudioVersion = 17.11.34929.205
MinimumVisualStudioVersion = 10.0.40219.1
Project("{F184B08F-C81C-45F6-A57F-5ABD9991F28F}") = "EcosimDetails", "EcosimDetails.vbproj", "{F003BF85-F2C4-45AC-85EF-98439E397AB6}"
EndProject
Project("{F184B08F-C81C-45F6-A57F-5ABD9991F28F}") = "EwEUtils", "..\..\..\Sources\EwEUtils\EwEUtils.vbproj", "{5C331318-C23E-4EEB-AD1E-2EDEF85E0205}"
EndProject
Project("{F184B08F-C81C-45F6-A57F-5ABD9991F28F}") = "EwEPlugin", "..\..\..\Sources\EwEPlugin\EwEPlugin.vbproj", "{0B91F6E0-6127-4CF3-BF57-684092481454}"
EndProject
Project("{F184B08F-C81C-45F6-A57F-5ABD9991F28F}") = "EwECore", "..\..\..\Sources\EwECore\EwECore.vbproj", "{CDECE065-503A-4562-A955-06777B2F909E}"
EndProject
Global
	GlobalSection(SolutionConfigurationPlatforms) = preSolution
		Debug|x64 = Debug|x64
		Debug|x86 = Debug|x86
		Release|x64 = Release|x64
		Release|x86 = Release|x86
	EndGlobalSection
	GlobalSection(ProjectConfigurationPlatforms) = postSolution
		{F003BF85-F2C4-45AC-85EF-98439E397AB6}.Debug|x64.ActiveCfg = Debug|x64
		{F003BF85-F2C4-45AC-85EF-98439E397AB6}.Debug|x64.Build.0 = Debug|x64
		{F003BF85-F2C4-45AC-85EF-98439E397AB6}.Debug|x86.ActiveCfg = Debug|x86
		{F003BF85-F2C4-45AC-85EF-98439E397AB6}.Debug|x86.Build.0 = Debug|x86
		{F003BF85-F2C4-45AC-85EF-98439E397AB6}.Release|x64.ActiveCfg = Release|x86
		{F003BF85-F2C4-45AC-85EF-98439E397AB6}.Release|x64.Build.0 = Release|x86
		{F003BF85-F2C4-45AC-85EF-98439E397AB6}.Release|x86.ActiveCfg = Release|x86
		{F003BF85-F2C4-45AC-85EF-98439E397AB6}.Release|x86.Build.0 = Release|x86
		{5C331318-C23E-4EEB-AD1E-2EDEF85E0205}.Debug|x64.ActiveCfg = Debug|x64
		{5C331318-C23E-4EEB-AD1E-2EDEF85E0205}.Debug|x64.Build.0 = Debug|x64
		{5C331318-C23E-4EEB-AD1E-2EDEF85E0205}.Debug|x86.ActiveCfg = Debug|x86
		{5C331318-C23E-4EEB-AD1E-2EDEF85E0205}.Debug|x86.Build.0 = Debug|x86
		{5C331318-C23E-4EEB-AD1E-2EDEF85E0205}.Release|x64.ActiveCfg = Release|x86
		{5C331318-C23E-4EEB-AD1E-2EDEF85E0205}.Release|x64.Build.0 = Release|x86
		{5C331318-C23E-4EEB-AD1E-2EDEF85E0205}.Release|x86.ActiveCfg = Release|x86
		{5C331318-C23E-4EEB-AD1E-2EDEF85E0205}.Release|x86.Build.0 = Release|x86
		{0B91F6E0-6127-4CF3-BF57-684092481454}.Debug|x64.ActiveCfg = Debug|x64
		{0B91F6E0-6127-4CF3-BF57-684092481454}.Debug|x64.Build.0 = Debug|x64
		{0B91F6E0-6127-4CF3-BF57-684092481454}.Debug|x86.ActiveCfg = Debug|x86
		{0B91F6E0-6127-4CF3-BF57-684092481454}.Debug|x86.Build.0 = Debug|x86
		{0B91F6E0-6127-4CF3-BF57-684092481454}.Release|x64.ActiveCfg = Release|x86
		{0B91F6E0-6127-4CF3-BF57-684092481454}.Release|x64.Build.0 = Release|x86
		{0B91F6E0-6127-4CF3-BF57-684092481454}.Release|x86.ActiveCfg = Release|x86
		{0B91F6E0-6127-4CF3-BF57-684092481454}.Release|x86.Build.0 = Release|x86
		{CDECE065-503A-4562-A955-06777B2F909E}.Debug|x64.ActiveCfg = Debug|x64
		{CDECE065-503A-4562-A955-06777B2F909E}.Debug|x64.Build.0 = Debug|x64
		{CDECE065-503A-4562-A955-06777B2F909E}.Debug|x86.ActiveCfg = Debug|x86
		{CDECE065-503A-4562-A955-06777B2F909E}.Debug|x86.Build.0 = Debug|x86
		{CDECE065-503A-4562-A955-06777B2F909E}.Release|x64.ActiveCfg = Release|x86
		{CDECE065-503A-4562-A955-06777B2F909E}.Release|x64.Build.0 = Release|x86
		{CDECE065-503A-4562-A955-06777B2F909E}.Release|x86.ActiveCfg = Release|x86
		{CDECE065-503A-4562-A955-06777B2F909E}.Release|x86.Build.0 = Release|x86
	EndGlobalSection
	GlobalSection(SolutionProperties) = preSolution
		HideSolutionNode = FALSE
	EndGlobalSection
EndGlobal
